{
  "pins" : [
    {
      "identity" : "defaults",
      "kind" : "remoteSourceControl",
      "location" : "https://github.com/sindresorhus/Defaults.git",
      "state" : {
        "revision" : "0f5a23fcbd83eb72f6d405aa85bbfacaffb99b03",
        "version" : "7.2.0"
      }
    },
    {
      "identity" : "keyboardshortcuts",
      "kind" : "remoteSourceControl",
      "location" : "https://github.com/sindresorhus/KeyboardShortcuts.git",
      "state" : {
        "revision" : "8b1a9ce78c2f35c8a55dcc95897573abd2cc4f6e",
        "version" : "1.13.0"
      }
    },
    {
      "identity" : "launchatlogin-modern",
      "kind" : "remoteSourceControl",
      "location" : "https://github.com/sindresorhus/LaunchAtLogin-Modern.git",
      "state" : {
        "revision" : "638e6c426b8d113eae255baeba59ed2d9d9a7c4d",
        "version" : "1.0.0"
      }
    }
  ],
  "version" : 2
}
