// !$*UTF8*$!
{
	archiveVersion = 1;
	classes = {
	};
	objectVersion = 56;
	objects = {

/* Begin PBXBuildFile section */
		4A19D6EE2939B96900221C75 /* ReacterApp.swift in Sources */ = {isa = PBXBuildFile; fileRef = 4A19D6ED2939B96900221C75 /* ReacterApp.swift */; };
		4A19D6F02939B96900221C75 /* ContentView.swift in Sources */ = {isa = PBXBuildFile; fileRef = 4A19D6EF2939B96900221C75 /* ContentView.swift */; };
		4A19D6F22939B96A00221C75 /* Assets.xcassets in Resources */ = {isa = PBXBuildFile; fileRef = 4A19D6F12939B96A00221C75 /* Assets.xcassets */; };
		4A19D6F52939B96A00221C75 /* Preview Assets.xcassets in Resources */ = {isa = PBXBuildFile; fileRef = 4A19D6F42939B96A00221C75 /* Preview Assets.xcassets */; };
		4A949FC52939BE6E009317C9 /* Sensor.swift in Sources */ = {isa = PBXBuildFile; fileRef = 4A949FC42939BE6E009317C9 /* Sensor.swift */; };
		4A949FC72939BE76009317C9 /* Action.swift in Sources */ = {isa = PBXBuildFile; fileRef = 4A949FC62939BE76009317C9 /* Action.swift */; };
		4A949FC92939BF41009317C9 /* ApplicationActivationSensor.swift in Sources */ = {isa = PBXBuildFile; fileRef = 4A949FC82939BF41009317C9 /* ApplicationActivationSensor.swift */; };
		4A949FCB2939C027009317C9 /* NSNotificationNames.swift in Sources */ = {isa = PBXBuildFile; fileRef = 4A949FCA2939C027009317C9 /* NSNotificationNames.swift */; };
/* End PBXBuildFile section */

/* Begin PBXFileReference section */
		4A19D6EA2939B96900221C75 /* Reacter.app */ = {isa = PBXFileReference; explicitFileType = wrapper.application; includeInIndex = 0; path = Reacter.app; sourceTree = BUILT_PRODUCTS_DIR; };
		4A19D6ED2939B96900221C75 /* ReacterApp.swift */ = {isa = PBXFileReference; lastKnownFileType = sourcecode.swift; path = ReacterApp.swift; sourceTree = "<group>"; };
		4A19D6EF2939B96900221C75 /* ContentView.swift */ = {isa = PBXFileReference; lastKnownFileType = sourcecode.swift; path = ContentView.swift; sourceTree = "<group>"; };
		4A19D6F12939B96A00221C75 /* Assets.xcassets */ = {isa = PBXFileReference; lastKnownFileType = folder.assetcatalog; path = Assets.xcassets; sourceTree = "<group>"; };
		4A19D6F42939B96A00221C75 /* Preview Assets.xcassets */ = {isa = PBXFileReference; lastKnownFileType = folder.assetcatalog; path = "Preview Assets.xcassets"; sourceTree = "<group>"; };
		4A19D6F62939B96A00221C75 /* Reacter.entitlements */ = {isa = PBXFileReference; lastKnownFileType = text.plist.entitlements; path = Reacter.entitlements; sourceTree = "<group>"; };
		4A949FC42939BE6E009317C9 /* Sensor.swift */ = {isa = PBXFileReference; lastKnownFileType = sourcecode.swift; path = Sensor.swift; sourceTree = "<group>"; };
		4A949FC62939BE76009317C9 /* Action.swift */ = {isa = PBXFileReference; lastKnownFileType = sourcecode.swift; path = Action.swift; sourceTree = "<group>"; };
		4A949FC82939BF41009317C9 /* ApplicationActivationSensor.swift */ = {isa = PBXFileReference; lastKnownFileType = sourcecode.swift; path = ApplicationActivationSensor.swift; sourceTree = "<group>"; };
		4A949FCA2939C027009317C9 /* NSNotificationNames.swift */ = {isa = PBXFileReference; lastKnownFileType = sourcecode.swift; path = NSNotificationNames.swift; sourceTree = "<group>"; };
/* End PBXFileReference section */

/* Begin PBXFrameworksBuildPhase section */
		4A19D6E72939B96900221C75 /* Frameworks */ = {
			isa = PBXFrameworksBuildPhase;
			buildActionMask = 2147483647;
			files = (
			);
			runOnlyForDeploymentPostprocessing = 0;
		};
/* End PBXFrameworksBuildPhase section */

/* Begin PBXGroup section */
		4A19D6E12939B96900221C75 = {
			isa = PBXGroup;
			children = (
				4A19D6EC2939B96900221C75 /* Reacter */,
				4A19D6EB2939B96900221C75 /* Products */,
			);
			sourceTree = "<group>";
		};
		4A19D6EB2939B96900221C75 /* Products */ = {
			isa = PBXGroup;
			children = (
				4A19D6EA2939B96900221C75 /* Reacter.app */,
			);
			name = Products;
			sourceTree = "<group>";
		};
		4A19D6EC2939B96900221C75 /* Reacter */ = {
			isa = PBXGroup;
			children = (
				4A949FC32939BE2D009317C9 /* Actions */,
				4A949FC22939BE29009317C9 /* Sensors */,
				4A19D6ED2939B96900221C75 /* ReacterApp.swift */,
				4A19D6EF2939B96900221C75 /* ContentView.swift */,
				4A19D6F12939B96A00221C75 /* Assets.xcassets */,
				4A19D6F62939B96A00221C75 /* Reacter.entitlements */,
				4A19D6F32939B96A00221C75 /* Preview Content */,
			);
			path = Reacter;
			sourceTree = "<group>";
		};
		4A19D6F32939B96A00221C75 /* Preview Content */ = {
			isa = PBXGroup;
			children = (
				4A19D6F42939B96A00221C75 /* Preview Assets.xcassets */,
			);
			path = "Preview Content";
			sourceTree = "<group>";
		};
		4A949FC22939BE29009317C9 /* Sensors */ = {
			isa = PBXGroup;
			children = (
				4A949FC42939BE6E009317C9 /* Sensor.swift */,
				4A949FC82939BF41009317C9 /* ApplicationActivationSensor.swift */,
				4A949FCA2939C027009317C9 /* NSNotificationNames.swift */,
			);
			path = Sensors;
			sourceTree = "<group>";
		};
		4A949FC32939BE2D009317C9 /* Actions */ = {
			isa = PBXGroup;
			children = (
				4A949FC62939BE76009317C9 /* Action.swift */,
			);
			path = Actions;
			sourceTree = "<group>";
		};
/* End PBXGroup section */

/* Begin PBXNativeTarget section */
		4A19D6E92939B96900221C75 /* Reacter */ = {
			isa = PBXNativeTarget;
			buildConfigurationList = 4A19D6F92939B96A00221C75 /* Build configuration list for PBXNativeTarget "Reacter" */;
			buildPhases = (
				4A19D6E62939B96900221C75 /* Sources */,
				4A19D6E72939B96900221C75 /* Frameworks */,
				4A19D6E82939B96900221C75 /* Resources */,
			);
			buildRules = (
			);
			dependencies = (
			);
			name = Reacter;
			productName = Reacter;
			productReference = 4A19D6EA2939B96900221C75 /* Reacter.app */;
			productType = "com.apple.product-type.application";
		};
/* End PBXNativeTarget section */

/* Begin PBXProject section */
		4A19D6E22939B96900221C75 /* Project object */ = {
			isa = PBXProject;
			attributes = {
				BuildIndependentTargetsInParallel = 1;
				LastSwiftUpdateCheck = 1410;
				LastUpgradeCheck = 1410;
				TargetAttributes = {
					4A19D6E92939B96900221C75 = {
						CreatedOnToolsVersion = 14.1;
					};
				};
			};
			buildConfigurationList = 4A19D6E52939B96900221C75 /* Build configuration list for PBXProject "Reacter" */;
			compatibilityVersion = "Xcode 14.0";
			developmentRegion = en;
			hasScannedForEncodings = 0;
			knownRegions = (
				en,
				Base,
			);
			mainGroup = 4A19D6E12939B96900221C75;
			productRefGroup = 4A19D6EB2939B96900221C75 /* Products */;
			projectDirPath = "";
			projectRoot = "";
			targets = (
				4A19D6E92939B96900221C75 /* Reacter */,
			);
		};
/* End PBXProject section */

/* Begin PBXResourcesBuildPhase section */
		4A19D6E82939B96900221C75 /* Resources */ = {
			isa = PBXResourcesBuildPhase;
			buildActionMask = 2147483647;
			files = (
				4A19D6F52939B96A00221C75 /* Preview Assets.xcassets in Resources */,
				4A19D6F22939B96A00221C75 /* Assets.xcassets in Resources */,
			);
			runOnlyForDeploymentPostprocessing = 0;
		};
/* End PBXResourcesBuildPhase section */

/* Begin PBXSourcesBuildPhase section */
		4A19D6E62939B96900221C75 /* Sources */ = {
			isa = PBXSourcesBuildPhase;
			buildActionMask = 2147483647;
			files = (
				4A19D6F02939B96900221C75 /* ContentView.swift in Sources */,
				4A949FC92939BF41009317C9 /* ApplicationActivationSensor.swift in Sources */,
				4A949FCB2939C027009317C9 /* NSNotificationNames.swift in Sources */,
				4A949FC72939BE76009317C9 /* Action.swift in Sources */,
				4A949FC52939BE6E009317C9 /* Sensor.swift in Sources */,
				4A19D6EE2939B96900221C75 /* ReacterApp.swift in Sources */,
			);
			runOnlyForDeploymentPostprocessing = 0;
		};
/* End PBXSourcesBuildPhase section */

/* Begin XCBuildConfiguration section */
		4A19D6F72939B96A00221C75 /* Debug */ = {
			isa = XCBuildConfiguration;
			buildSettings = {
				ALWAYS_SEARCH_USER_PATHS = NO;
				CLANG_ANALYZER_NONNULL = YES;
				CLANG_ANALYZER_NUMBER_OBJECT_CONVERSION = YES_AGGRESSIVE;
				CLANG_CXX_LANGUAGE_STANDARD = "gnu++20";
				CLANG_ENABLE_MODULES = YES;
				CLANG_ENABLE_OBJC_ARC = YES;
				CLANG_ENABLE_OBJC_WEAK = YES;
				CLANG_WARN_BLOCK_CAPTURE_AUTORELEASING = YES;
				CLANG_WARN_BOOL_CONVERSION = YES;
				CLANG_WARN_COMMA = YES;
				CLANG_WARN_CONSTANT_CONVERSION = YES;
				CLANG_WARN_DEPRECATED_OBJC_IMPLEMENTATIONS = YES;
				CLANG_WARN_DIRECT_OBJC_ISA_USAGE = YES_ERROR;
				CLANG_WARN_DOCUMENTATION_COMMENTS = YES;
				CLANG_WARN_EMPTY_BODY = YES;
				CLANG_WARN_ENUM_CONVERSION = YES;
				CLANG_WARN_INFINITE_RECURSION = YES;
				CLANG_WARN_INT_CONVERSION = YES;
				CLANG_WARN_NON_LITERAL_NULL_CONVERSION = YES;
				CLANG_WARN_OBJC_IMPLICIT_RETAIN_SELF = YES;
				CLANG_WARN_OBJC_LITERAL_CONVERSION = YES;
				CLANG_WARN_OBJC_ROOT_CLASS = YES_ERROR;
				CLANG_WARN_QUOTED_INCLUDE_IN_FRAMEWORK_HEADER = YES;
				CLANG_WARN_RANGE_LOOP_ANALYSIS = YES;
				CLANG_WARN_STRICT_PROTOTYPES = YES;
				CLANG_WARN_SUSPICIOUS_MOVE = YES;
				CLANG_WARN_UNGUARDED_AVAILABILITY = YES_AGGRESSIVE;
				CLANG_WARN_UNREACHABLE_CODE = YES;
				CLANG_WARN__DUPLICATE_METHOD_MATCH = YES;
				COPY_PHASE_STRIP = NO;
				DEBUG_INFORMATION_FORMAT = dwarf;
				ENABLE_STRICT_OBJC_MSGSEND = YES;
				ENABLE_TESTABILITY = YES;
				GCC_C_LANGUAGE_STANDARD = gnu11;
				GCC_DYNAMIC_NO_PIC = NO;
				GCC_NO_COMMON_BLOCKS = YES;
				GCC_OPTIMIZATION_LEVEL = 0;
				GCC_PREPROCESSOR_DEFINITIONS = (
					"DEBUG=1",
					"$(inherited)",
				);
				GCC_WARN_64_TO_32_BIT_CONVERSION = YES;
				GCC_WARN_ABOUT_RETURN_TYPE = YES_ERROR;
				GCC_WARN_UNDECLARED_SELECTOR = YES;
				GCC_WARN_UNINITIALIZED_AUTOS = YES_AGGRESSIVE;
				GCC_WARN_UNUSED_FUNCTION = YES;
				GCC_WARN_UNUSED_VARIABLE = YES;
				MACOSX_DEPLOYMENT_TARGET = 13.0;
				MTL_ENABLE_DEBUG_INFO = INCLUDE_SOURCE;
				MTL_FAST_MATH = YES;
				ONLY_ACTIVE_ARCH = YES;
				SDKROOT = macosx;
				SWIFT_ACTIVE_COMPILATION_CONDITIONS = DEBUG;
				SWIFT_OPTIMIZATION_LEVEL = "-Onone";
			};
			name = Debug;
		};
		4A19D6F82939B96A00221C75 /* Release */ = {
			isa = XCBuildConfiguration;
			buildSettings = {
				ALWAYS_SEARCH_USER_PATHS = NO;
				CLANG_ANALYZER_NONNULL = YES;
				CLANG_ANALYZER_NUMBER_OBJECT_CONVERSION = YES_AGGRESSIVE;
				CLANG_CXX_LANGUAGE_STANDARD = "gnu++20";
				CLANG_ENABLE_MODULES = YES;
				CLANG_ENABLE_OBJC_ARC = YES;
				CLANG_ENABLE_OBJC_WEAK = YES;
				CLANG_WARN_BLOCK_CAPTURE_AUTORELEASING = YES;
				CLANG_WARN_BOOL_CONVERSION = YES;
				CLANG_WARN_COMMA = YES;
				CLANG_WARN_CONSTANT_CONVERSION = YES;
				CLANG_WARN_DEPRECATED_OBJC_IMPLEMENTATIONS = YES;
				CLANG_WARN_DIRECT_OBJC_ISA_USAGE = YES_ERROR;
				CLANG_WARN_DOCUMENTATION_COMMENTS = YES;
				CLANG_WARN_EMPTY_BODY = YES;
				CLANG_WARN_ENUM_CONVERSION = YES;
				CLANG_WARN_INFINITE_RECURSION = YES;
				CLANG_WARN_INT_CONVERSION = YES;
				CLANG_WARN_NON_LITERAL_NULL_CONVERSION = YES;
				CLANG_WARN_OBJC_IMPLICIT_RETAIN_SELF = YES;
				CLANG_WARN_OBJC_LITERAL_CONVERSION = YES;
				CLANG_WARN_OBJC_ROOT_CLASS = YES_ERROR;
				CLANG_WARN_QUOTED_INCLUDE_IN_FRAMEWORK_HEADER = YES;
				CLANG_WARN_RANGE_LOOP_ANALYSIS = YES;
				CLANG_WARN_STRICT_PROTOTYPES = YES;
				CLANG_WARN_SUSPICIOUS_MOVE = YES;
				CLANG_WARN_UNGUARDED_AVAILABILITY = YES_AGGRESSIVE;
				CLANG_WARN_UNREACHABLE_CODE = YES;
				CLANG_WARN__DUPLICATE_METHOD_MATCH = YES;
				COPY_PHASE_STRIP = NO;
				DEBUG_INFORMATION_FORMAT = "dwarf-with-dsym";
				ENABLE_NS_ASSERTIONS = NO;
				ENABLE_STRICT_OBJC_MSGSEND = YES;
				GCC_C_LANGUAGE_STANDARD = gnu11;
				GCC_NO_COMMON_BLOCKS = YES;
				GCC_WARN_64_TO_32_BIT_CONVERSION = YES;
				GCC_WARN_ABOUT_RETURN_TYPE = YES_ERROR;
				GCC_WARN_UNDECLARED_SELECTOR = YES;
				GCC_WARN_UNINITIALIZED_AUTOS = YES_AGGRESSIVE;
				GCC_WARN_UNUSED_FUNCTION = YES;
				GCC_WARN_UNUSED_VARIABLE = YES;
				MACOSX_DEPLOYMENT_TARGET = 13.0;
				MTL_ENABLE_DEBUG_INFO = NO;
				MTL_FAST_MATH = YES;
				SDKROOT = macosx;
				SWIFT_COMPILATION_MODE = wholemodule;
				SWIFT_OPTIMIZATION_LEVEL = "-O";
			};
			name = Release;
		};
		4A19D6FA2939B96A00221C75 /* Debug */ = {
			isa = XCBuildConfiguration;
			buildSettings = {
				ASSETCATALOG_COMPILER_APPICON_NAME = AppIcon;
				ASSETCATALOG_COMPILER_GLOBAL_ACCENT_COLOR_NAME = AccentColor;
				CODE_SIGN_ENTITLEMENTS = Reacter/Reacter.entitlements;
				CODE_SIGN_STYLE = Automatic;
				COMBINE_HIDPI_IMAGES = YES;
				CURRENT_PROJECT_VERSION = 1;
				DEVELOPMENT_ASSET_PATHS = "\"Reacter/Preview Content\"";
				DEVELOPMENT_TEAM = F2J52QJQ9Y;
				ENABLE_HARDENED_RUNTIME = YES;
				ENABLE_PREVIEWS = YES;
				GENERATE_INFOPLIST_FILE = YES;
				INFOPLIST_KEY_LSApplicationCategoryType = "public.app-category.utilities";
				INFOPLIST_KEY_NSHumanReadableCopyright = "";
				LD_RUNPATH_SEARCH_PATHS = (
					"$(inherited)",
					"@executable_path/../Frameworks",
				);
				MARKETING_VERSION = 0.0.1;
				PRODUCT_BUNDLE_IDENTIFIER = net.hisaac.Reacter;
				PRODUCT_NAME = "$(TARGET_NAME)";
				SWIFT_EMIT_LOC_STRINGS = YES;
				SWIFT_VERSION = 5.0;
			};
			name = Debug;
		};
		4A19D6FB2939B96A00221C75 /* Release */ = {
			isa = XCBuildConfiguration;
			buildSettings = {
				ASSETCATALOG_COMPILER_APPICON_NAME = AppIcon;
				ASSETCATALOG_COMPILER_GLOBAL_ACCENT_COLOR_NAME = AccentColor;
				CODE_SIGN_ENTITLEMENTS = Reacter/Reacter.entitlements;
				CODE_SIGN_STYLE = Automatic;
				COMBINE_HIDPI_IMAGES = YES;
				CURRENT_PROJECT_VERSION = 1;
				DEVELOPMENT_ASSET_PATHS = "\"Reacter/Preview Content\"";
				DEVELOPMENT_TEAM = F2J52QJQ9Y;
				ENABLE_HARDENED_RUNTIME = YES;
				ENABLE_PREVIEWS = YES;
				GENERATE_INFOPLIST_FILE = YES;
				INFOPLIST_KEY_LSApplicationCategoryType = "public.app-category.utilities";
				INFOPLIST_KEY_NSHumanReadableCopyright = "";
				LD_RUNPATH_SEARCH_PATHS = (
					"$(inherited)",
					"@executable_path/../Frameworks",
				);
				MARKETING_VERSION = 0.0.1;
				PRODUCT_BUNDLE_IDENTIFIER = net.hisaac.Reacter;
				PRODUCT_NAME = "$(TARGET_NAME)";
				SWIFT_EMIT_LOC_STRINGS = YES;
				SWIFT_VERSION = 5.0;
			};
			name = Release;
		};
/* End XCBuildConfiguration section */

/* Begin XCConfigurationList section */
		4A19D6E52939B96900221C75 /* Build configuration list for PBXProject "Reacter" */ = {
			isa = XCConfigurationList;
			buildConfigurations = (
				4A19D6F72939B96A00221C75 /* Debug */,
				4A19D6F82939B96A00221C75 /* Release */,
			);
			defaultConfigurationIsVisible = 0;
			defaultConfigurationName = Release;
		};
		4A19D6F92939B96A00221C75 /* Build configuration list for PBXNativeTarget "Reacter" */ = {
			isa = XCConfigurationList;
			buildConfigurations = (
				4A19D6FA2939B96A00221C75 /* Debug */,
				4A19D6FB2939B96A00221C75 /* Release */,
			);
			defaultConfigurationIsVisible = 0;
			defaultConfigurationName = Release;
		};
/* End XCConfigurationList section */
	};
	rootObject = 4A19D6E22939B96900221C75 /* Project object */;
}
