// !$*UTF8*$!
{
	archiveVersion = 1;
	classes = {
	};
	objectVersion = 56;
	objects = {

/* Begin PBXBuildFile section */
		5B37F9622A6A0CA300022E50 /* Assets.xcassets in Resources */ = {isa = PBXBuildFile; fileRef = 5B37F9492A6A0CA300022E50 /* Assets.xcassets */; };
		5B37F9632A6A0CA300022E50 /* PreviewAssets.xcassets in Resources */ = {isa = PBXBuildFile; fileRef = 5B37F94B2A6A0CA300022E50 /* PreviewAssets.xcassets */; };
		5B37F9652A6A0CA300022E50 /* ViewExtensions.swift in Sources */ = {isa = PBXBuildFile; fileRef = 5B37F9502A6A0CA300022E50 /* ViewExtensions.swift */; };
		5B37F9662A6A0CA300022E50 /* SettingsView.swift in Sources */ = {isa = PBXBuildFile; fileRef = 5B37F9512A6A0CA300022E50 /* SettingsView.swift */; };
		5B37F9672A6A0CA300022E50 /* DebugSettingsView.swift in Sources */ = {isa = PBXBuildFile; fileRef = 5B37F9522A6A0CA300022E50 /* DebugSettingsView.swift */; };
		5B37F9682A6A0CA300022E50 /* GeneralSettingsView.swift in Sources */ = {isa = PBXBuildFile; fileRef = 5B37F9532A6A0CA300022E50 /* GeneralSettingsView.swift */; };
		5B37F9692A6A0CA300022E50 /* LoggerView.swift in Sources */ = {isa = PBXBuildFile; fileRef = 5B37F9542A6A0CA300022E50 /* LoggerView.swift */; };
		5B37F96A2A6A0CA300022E50 /* NSNotificationNames.swift in Sources */ = {isa = PBXBuildFile; fileRef = 5B37F9562A6A0CA300022E50 /* NSNotificationNames.swift */; };
		5B37F96B2A6A0CA300022E50 /* PasteboardSensor.swift in Sources */ = {isa = PBXBuildFile; fileRef = 5B37F9572A6A0CA300022E50 /* PasteboardSensor.swift */; };
		5B37F96C2A6A0CA300022E50 /* LogSensor.swift in Sources */ = {isa = PBXBuildFile; fileRef = 5B37F9582A6A0CA300022E50 /* LogSensor.swift */; };
		5B37F96D2A6A0CA300022E50 /* Sensor.swift in Sources */ = {isa = PBXBuildFile; fileRef = 5B37F9592A6A0CA300022E50 /* Sensor.swift */; };
		5B37F96E2A6A0CA300022E50 /* SensedEvent.swift in Sources */ = {isa = PBXBuildFile; fileRef = 5B37F95A2A6A0CA300022E50 /* SensedEvent.swift */; };
		5B37F96F2A6A0CA300022E50 /* Logging.swift in Sources */ = {isa = PBXBuildFile; fileRef = 5B37F95B2A6A0CA300022E50 /* Logging.swift */; };
		5B37F9702A6A0CA300022E50 /* Router.swift in Sources */ = {isa = PBXBuildFile; fileRef = 5B37F95C2A6A0CA300022E50 /* Router.swift */; };
		5B37F9712A6A0CA300022E50 /* Settings.swift in Sources */ = {isa = PBXBuildFile; fileRef = 5B37F95D2A6A0CA300022E50 /* Settings.swift */; };
		5B37F9722A6A0CA300022E50 /* LogAction.swift in Sources */ = {isa = PBXBuildFile; fileRef = 5B37F95F2A6A0CA300022E50 /* LogAction.swift */; };
		5B37F9732A6A0CA300022E50 /* Action.swift in Sources */ = {isa = PBXBuildFile; fileRef = 5B37F9602A6A0CA300022E50 /* Action.swift */; };
		5B37F9742A6A0CA300022E50 /* AppDelegate.swift in Sources */ = {isa = PBXBuildFile; fileRef = 5B37F9612A6A0CA300022E50 /* AppDelegate.swift */; };
		5BAD300A2A6A0D700027A65B /* Defaults in Frameworks */ = {isa = PBXBuildFile; productRef = 5BAD30092A6A0D700027A65B /* Defaults */; };
		5BAD300D2A6A0D890027A65B /* KeyboardShortcuts in Frameworks */ = {isa = PBXBuildFile; productRef = 5BAD300C2A6A0D890027A65B /* KeyboardShortcuts */; };
		5BAD30102A6A0DA80027A65B /* LaunchAtLogin in Frameworks */ = {isa = PBXBuildFile; productRef = 5BAD300F2A6A0DA80027A65B /* LaunchAtLogin */; };
		5BD773482A6A1178002369F6 /* PasteboardSensorTests.swift in Sources */ = {isa = PBXBuildFile; fileRef = 5B37F94D2A6A0CA300022E50 /* PasteboardSensorTests.swift */; };
/* End PBXBuildFile section */

/* Begin PBXContainerItemProxy section */
		5BD773432A6A1159002369F6 /* PBXContainerItemProxy */ = {
			isa = PBXContainerItemProxy;
			containerPortal = 5B7DB12A2A6A0C1200AC6A2B /* Project object */;
			proxyType = 1;
			remoteGlobalIDString = 5B7DB1312A6A0C1200AC6A2B;
			remoteInfo = Sensorium;
		};
/* End PBXContainerItemProxy section */

/* Begin PBXFileReference section */
		5B37F9472A6A0CA300022E50 /* Sensorium.entitlements */ = {isa = PBXFileReference; fileEncoding = 4; lastKnownFileType = text.plist.entitlements; path = Sensorium.entitlements; sourceTree = "<group>"; };
		5B37F9492A6A0CA300022E50 /* Assets.xcassets */ = {isa = PBXFileReference; lastKnownFileType = folder.assetcatalog; path = Assets.xcassets; sourceTree = "<group>"; };
		5B37F94B2A6A0CA300022E50 /* PreviewAssets.xcassets */ = {isa = PBXFileReference; lastKnownFileType = folder.assetcatalog; path = PreviewAssets.xcassets; sourceTree = "<group>"; };
		5B37F94D2A6A0CA300022E50 /* PasteboardSensorTests.swift */ = {isa = PBXFileReference; fileEncoding = 4; lastKnownFileType = sourcecode.swift; path = PasteboardSensorTests.swift; sourceTree = "<group>"; };
		5B37F9502A6A0CA300022E50 /* ViewExtensions.swift */ = {isa = PBXFileReference; fileEncoding = 4; lastKnownFileType = sourcecode.swift; path = ViewExtensions.swift; sourceTree = "<group>"; };
		5B37F9512A6A0CA300022E50 /* SettingsView.swift */ = {isa = PBXFileReference; fileEncoding = 4; lastKnownFileType = sourcecode.swift; path = SettingsView.swift; sourceTree = "<group>"; };
		5B37F9522A6A0CA300022E50 /* DebugSettingsView.swift */ = {isa = PBXFileReference; fileEncoding = 4; lastKnownFileType = sourcecode.swift; path = DebugSettingsView.swift; sourceTree = "<group>"; };
		5B37F9532A6A0CA300022E50 /* GeneralSettingsView.swift */ = {isa = PBXFileReference; fileEncoding = 4; lastKnownFileType = sourcecode.swift; path = GeneralSettingsView.swift; sourceTree = "<group>"; };
		5B37F9542A6A0CA300022E50 /* LoggerView.swift */ = {isa = PBXFileReference; fileEncoding = 4; lastKnownFileType = sourcecode.swift; path = LoggerView.swift; sourceTree = "<group>"; };
		5B37F9562A6A0CA300022E50 /* NSNotificationNames.swift */ = {isa = PBXFileReference; fileEncoding = 4; lastKnownFileType = sourcecode.swift; path = NSNotificationNames.swift; sourceTree = "<group>"; };
		5B37F9572A6A0CA300022E50 /* PasteboardSensor.swift */ = {isa = PBXFileReference; fileEncoding = 4; lastKnownFileType = sourcecode.swift; path = PasteboardSensor.swift; sourceTree = "<group>"; };
		5B37F9582A6A0CA300022E50 /* LogSensor.swift */ = {isa = PBXFileReference; fileEncoding = 4; lastKnownFileType = sourcecode.swift; path = LogSensor.swift; sourceTree = "<group>"; };
		5B37F9592A6A0CA300022E50 /* Sensor.swift */ = {isa = PBXFileReference; fileEncoding = 4; lastKnownFileType = sourcecode.swift; path = Sensor.swift; sourceTree = "<group>"; };
		5B37F95A2A6A0CA300022E50 /* SensedEvent.swift */ = {isa = PBXFileReference; fileEncoding = 4; lastKnownFileType = sourcecode.swift; path = SensedEvent.swift; sourceTree = "<group>"; };
		5B37F95B2A6A0CA300022E50 /* Logging.swift */ = {isa = PBXFileReference; fileEncoding = 4; lastKnownFileType = sourcecode.swift; path = Logging.swift; sourceTree = "<group>"; };
		5B37F95C2A6A0CA300022E50 /* Router.swift */ = {isa = PBXFileReference; fileEncoding = 4; lastKnownFileType = sourcecode.swift; path = Router.swift; sourceTree = "<group>"; };
		5B37F95D2A6A0CA300022E50 /* Settings.swift */ = {isa = PBXFileReference; fileEncoding = 4; lastKnownFileType = sourcecode.swift; path = Settings.swift; sourceTree = "<group>"; };
		5B37F95F2A6A0CA300022E50 /* LogAction.swift */ = {isa = PBXFileReference; fileEncoding = 4; lastKnownFileType = sourcecode.swift; path = LogAction.swift; sourceTree = "<group>"; };
		5B37F9602A6A0CA300022E50 /* Action.swift */ = {isa = PBXFileReference; fileEncoding = 4; lastKnownFileType = sourcecode.swift; path = Action.swift; sourceTree = "<group>"; };
		5B37F9612A6A0CA300022E50 /* AppDelegate.swift */ = {isa = PBXFileReference; fileEncoding = 4; lastKnownFileType = sourcecode.swift; path = AppDelegate.swift; sourceTree = "<group>"; };
		5B37F9752A6A0CD800022E50 /* justfile */ = {isa = PBXFileReference; lastKnownFileType = text; path = justfile; sourceTree = "<group>"; };
		5B37F9772A6A0CD800022E50 /* settings.json */ = {isa = PBXFileReference; lastKnownFileType = text.json; path = settings.json; sourceTree = "<group>"; };
		5B37F9782A6A0CD900022E50 /* README.md */ = {isa = PBXFileReference; lastKnownFileType = net.daringfireball.markdown; path = README.md; sourceTree = "<group>"; };
		5B37F97A2A6A0CD900022E50 /* FUNDING.yml */ = {isa = PBXFileReference; lastKnownFileType = text.yaml; path = FUNDING.yml; sourceTree = "<group>"; };
		5B37F97B2A6A0CD900022E50 /* .xcode-version */ = {isa = PBXFileReference; lastKnownFileType = text; path = ".xcode-version"; sourceTree = "<group>"; };
		5B37F97D2A6A0CD900022E50 /* .shellcheckrc */ = {isa = PBXFileReference; lastKnownFileType = text; path = .shellcheckrc; sourceTree = "<group>"; };
		5B37F97E2A6A0CD900022E50 /* base.sh */ = {isa = PBXFileReference; lastKnownFileType = text.script.sh; path = base.sh; sourceTree = "<group>"; };
		5B37F97F2A6A0CD900022E50 /* set-local-derived-data.sh */ = {isa = PBXFileReference; lastKnownFileType = text.script.sh; path = "set-local-derived-data.sh"; sourceTree = "<group>"; };
		5B37F9802A6A0CD900022E50 /* tools.sh */ = {isa = PBXFileReference; lastKnownFileType = text.script.sh; path = tools.sh; sourceTree = "<group>"; };
		5B37F9812A6A0CD900022E50 /* NOTES.md */ = {isa = PBXFileReference; lastKnownFileType = net.daringfireball.markdown; path = NOTES.md; sourceTree = "<group>"; };
		5B37F9822A6A0CD900022E50 /* LICENSE */ = {isa = PBXFileReference; lastKnownFileType = text; path = LICENSE; sourceTree = "<group>"; };
		5B37F9832A6A0CD900022E50 /* .gitignore */ = {isa = PBXFileReference; lastKnownFileType = text; path = .gitignore; sourceTree = "<group>"; };
		5B7DB1322A6A0C1200AC6A2B /* Sensorium.app */ = {isa = PBXFileReference; explicitFileType = wrapper.application; includeInIndex = 0; path = Sensorium.app; sourceTree = BUILT_PRODUCTS_DIR; };
		5BD7733F2A6A1159002369F6 /* SensoriumTests.xctest */ = {isa = PBXFileReference; explicitFileType = wrapper.cfbundle; includeInIndex = 0; path = SensoriumTests.xctest; sourceTree = BUILT_PRODUCTS_DIR; };
/* End PBXFileReference section */

/* Begin PBXFrameworksBuildPhase section */
		5B7DB12F2A6A0C1200AC6A2B /* Frameworks */ = {
			isa = PBXFrameworksBuildPhase;
			buildActionMask = 2147483647;
			files = (
				5BAD30102A6A0DA80027A65B /* LaunchAtLogin in Frameworks */,
				5BAD300A2A6A0D700027A65B /* Defaults in Frameworks */,
				5BAD300D2A6A0D890027A65B /* KeyboardShortcuts in Frameworks */,
			);
			runOnlyForDeploymentPostprocessing = 0;
		};
		5BD7733C2A6A1159002369F6 /* Frameworks */ = {
			isa = PBXFrameworksBuildPhase;
			buildActionMask = 2147483647;
			files = (
			);
			runOnlyForDeploymentPostprocessing = 0;
		};
/* End PBXFrameworksBuildPhase section */

/* Begin PBXGroup section */
		5B37F9452A6A0CA300022E50 /* Sources */ = {
			isa = PBXGroup;
			children = (
				5B37F9462A6A0CA300022E50 /* Sensorium */,
			);
			path = Sources;
			sourceTree = "<group>";
		};
		5B37F9462A6A0CA300022E50 /* Sensorium */ = {
			isa = PBXGroup;
			children = (
				5B37F9482A6A0CA300022E50 /* Resources */,
				5B37F94E2A6A0CA300022E50 /* Sources */,
				5B37F94C2A6A0CA300022E50 /* Tests */,
			);
			path = Sensorium;
			sourceTree = "<group>";
		};
		5B37F9482A6A0CA300022E50 /* Resources */ = {
			isa = PBXGroup;
			children = (
				5B37F9472A6A0CA300022E50 /* Sensorium.entitlements */,
				5B37F9492A6A0CA300022E50 /* Assets.xcassets */,
				5B37F94A2A6A0CA300022E50 /* PreviewContent */,
			);
			path = Resources;
			sourceTree = "<group>";
		};
		5B37F94A2A6A0CA300022E50 /* PreviewContent */ = {
			isa = PBXGroup;
			children = (
				5B37F94B2A6A0CA300022E50 /* PreviewAssets.xcassets */,
			);
			path = PreviewContent;
			sourceTree = "<group>";
		};
		5B37F94C2A6A0CA300022E50 /* Tests */ = {
			isa = PBXGroup;
			children = (
				5B37F94D2A6A0CA300022E50 /* PasteboardSensorTests.swift */,
			);
			path = Tests;
			sourceTree = "<group>";
		};
		5B37F94E2A6A0CA300022E50 /* Sources */ = {
			isa = PBXGroup;
			children = (
				5B37F94F2A6A0CA300022E50 /* UI */,
				5B37F9552A6A0CA300022E50 /* Sensors */,
				5B37F95E2A6A0CA300022E50 /* Actions */,
				5B37F9612A6A0CA300022E50 /* AppDelegate.swift */,
				5B37F95B2A6A0CA300022E50 /* Logging.swift */,
				5B37F95C2A6A0CA300022E50 /* Router.swift */,
				5B37F95D2A6A0CA300022E50 /* Settings.swift */,
			);
			path = Sources;
			sourceTree = "<group>";
		};
		5B37F94F2A6A0CA300022E50 /* UI */ = {
			isa = PBXGroup;
			children = (
				5B37F9502A6A0CA300022E50 /* ViewExtensions.swift */,
				5B37F9512A6A0CA300022E50 /* SettingsView.swift */,
				5B37F9522A6A0CA300022E50 /* DebugSettingsView.swift */,
				5B37F9532A6A0CA300022E50 /* GeneralSettingsView.swift */,
				5B37F9542A6A0CA300022E50 /* LoggerView.swift */,
			);
			path = UI;
			sourceTree = "<group>";
		};
		5B37F9552A6A0CA300022E50 /* Sensors */ = {
			isa = PBXGroup;
			children = (
				5B37F9562A6A0CA300022E50 /* NSNotificationNames.swift */,
				5B37F9572A6A0CA300022E50 /* PasteboardSensor.swift */,
				5B37F9582A6A0CA300022E50 /* LogSensor.swift */,
				5B37F9592A6A0CA300022E50 /* Sensor.swift */,
				5B37F95A2A6A0CA300022E50 /* SensedEvent.swift */,
			);
			path = Sensors;
			sourceTree = "<group>";
		};
		5B37F95E2A6A0CA300022E50 /* Actions */ = {
			isa = PBXGroup;
			children = (
				5B37F95F2A6A0CA300022E50 /* LogAction.swift */,
				5B37F9602A6A0CA300022E50 /* Action.swift */,
			);
			path = Actions;
			sourceTree = "<group>";
		};
		5B37F9762A6A0CD800022E50 /* .vscode */ = {
			isa = PBXGroup;
			children = (
				5B37F9772A6A0CD800022E50 /* settings.json */,
			);
			path = .vscode;
			sourceTree = "<group>";
		};
		5B37F9792A6A0CD900022E50 /* .github */ = {
			isa = PBXGroup;
			children = (
				5B37F97A2A6A0CD900022E50 /* FUNDING.yml */,
			);
			path = .github;
			sourceTree = "<group>";
		};
		5B37F97C2A6A0CD900022E50 /* scripts */ = {
			isa = PBXGroup;
			children = (
				5B37F97D2A6A0CD900022E50 /* .shellcheckrc */,
				5B37F97E2A6A0CD900022E50 /* base.sh */,
				5B37F97F2A6A0CD900022E50 /* set-local-derived-data.sh */,
				5B37F9802A6A0CD900022E50 /* tools.sh */,
			);
			path = scripts;
			sourceTree = "<group>";
		};
		5B7DB1292A6A0C1200AC6A2B = {
			isa = PBXGroup;
			children = (
				5B37F9452A6A0CA300022E50 /* Sources */,
				5B37F97C2A6A0CD900022E50 /* scripts */,
				5B37F9792A6A0CD900022E50 /* .github */,
				5B37F9762A6A0CD800022E50 /* .vscode */,
				5B37F9832A6A0CD900022E50 /* .gitignore */,
				5B37F97B2A6A0CD900022E50 /* .xcode-version */,
				5B37F9752A6A0CD800022E50 /* justfile */,
				5B37F9822A6A0CD900022E50 /* LICENSE */,
				5B37F9812A6A0CD900022E50 /* NOTES.md */,
				5B37F9782A6A0CD900022E50 /* README.md */,
				5B7DB1332A6A0C1200AC6A2B /* Products */,
			);
			sourceTree = "<group>";
		};
		5B7DB1332A6A0C1200AC6A2B /* Products */ = {
			isa = PBXGroup;
			children = (
				5B7DB1322A6A0C1200AC6A2B /* Sensorium.app */,
				5BD7733F2A6A1159002369F6 /* SensoriumTests.xctest */,
			);
			name = Products;
			sourceTree = "<group>";
		};
/* End PBXGroup section */

/* Begin PBXNativeTarget section */
		5B7DB1312A6A0C1200AC6A2B /* Sensorium */ = {
			isa = PBXNativeTarget;
			buildConfigurationList = 5B7DB1432A6A0C1400AC6A2B /* Build configuration list for PBXNativeTarget "Sensorium" */;
			buildPhases = (
				5B7DB12E2A6A0C1200AC6A2B /* Sources */,
				5B7DB12F2A6A0C1200AC6A2B /* Frameworks */,
				5B7DB1302A6A0C1200AC6A2B /* Resources */,
			);
			buildRules = (
			);
			dependencies = (
			);
			name = Sensorium;
			packageProductDependencies = (
				5BAD30092A6A0D700027A65B /* Defaults */,
				5BAD300C2A6A0D890027A65B /* KeyboardShortcuts */,
				5BAD300F2A6A0DA80027A65B /* LaunchAtLogin */,
			);
			productName = Sensorium;
			productReference = 5B7DB1322A6A0C1200AC6A2B /* Sensorium.app */;
			productType = "com.apple.product-type.application";
		};
		5BD7733E2A6A1159002369F6 /* SensoriumTests */ = {
			isa = PBXNativeTarget;
			buildConfigurationList = 5BD773452A6A1159002369F6 /* Build configuration list for PBXNativeTarget "SensoriumTests" */;
			buildPhases = (
				5BD7733B2A6A1159002369F6 /* Sources */,
				5BD7733C2A6A1159002369F6 /* Frameworks */,
				5BD7733D2A6A1159002369F6 /* Resources */,
			);
			buildRules = (
			);
			dependencies = (
				5BD773442A6A1159002369F6 /* PBXTargetDependency */,
			);
			name = SensoriumTests;
			productName = SensoriumTests;
			productReference = 5BD7733F2A6A1159002369F6 /* SensoriumTests.xctest */;
			productType = "com.apple.product-type.bundle.unit-test";
		};
/* End PBXNativeTarget section */

/* Begin PBXProject section */
		5B7DB12A2A6A0C1200AC6A2B /* Project object */ = {
			isa = PBXProject;
			attributes = {
				BuildIndependentTargetsInParallel = 1;
				LastSwiftUpdateCheck = 1500;
				LastUpgradeCheck = 1500;
				TargetAttributes = {
					5B7DB1312A6A0C1200AC6A2B = {
						CreatedOnToolsVersion = 15.0;
					};
					5BD7733E2A6A1159002369F6 = {
						CreatedOnToolsVersion = 15.0;
						TestTargetID = 5B7DB1312A6A0C1200AC6A2B;
					};
				};
			};
			buildConfigurationList = 5B7DB12D2A6A0C1200AC6A2B /* Build configuration list for PBXProject "Sensorium" */;
			compatibilityVersion = "Xcode 14.0";
			developmentRegion = en;
			hasScannedForEncodings = 0;
			knownRegions = (
				en,
				Base,
			);
			mainGroup = 5B7DB1292A6A0C1200AC6A2B;
			packageReferences = (
				5BAD30082A6A0D700027A65B /* XCRemoteSwiftPackageReference "Defaults" */,
				5BAD300B2A6A0D890027A65B /* XCRemoteSwiftPackageReference "KeyboardShortcuts" */,
				5BAD300E2A6A0DA80027A65B /* XCRemoteSwiftPackageReference "LaunchAtLogin-Modern" */,
			);
			productRefGroup = 5B7DB1332A6A0C1200AC6A2B /* Products */;
			projectDirPath = "";
			projectRoot = "";
			targets = (
				5B7DB1312A6A0C1200AC6A2B /* Sensorium */,
				5BD7733E2A6A1159002369F6 /* SensoriumTests */,
			);
		};
/* End PBXProject section */

/* Begin PBXResourcesBuildPhase section */
		5B7DB1302A6A0C1200AC6A2B /* Resources */ = {
			isa = PBXResourcesBuildPhase;
			buildActionMask = 2147483647;
			files = (
				5B37F9632A6A0CA300022E50 /* PreviewAssets.xcassets in Resources */,
				5B37F9622A6A0CA300022E50 /* Assets.xcassets in Resources */,
			);
			runOnlyForDeploymentPostprocessing = 0;
		};
		5BD7733D2A6A1159002369F6 /* Resources */ = {
			isa = PBXResourcesBuildPhase;
			buildActionMask = 2147483647;
			files = (
			);
			runOnlyForDeploymentPostprocessing = 0;
		};
/* End PBXResourcesBuildPhase section */

/* Begin PBXSourcesBuildPhase section */
		5B7DB12E2A6A0C1200AC6A2B /* Sources */ = {
			isa = PBXSourcesBuildPhase;
			buildActionMask = 2147483647;
			files = (
				5B37F96B2A6A0CA300022E50 /* PasteboardSensor.swift in Sources */,
				5B37F9732A6A0CA300022E50 /* Action.swift in Sources */,
				5B37F96F2A6A0CA300022E50 /* Logging.swift in Sources */,
				5B37F9712A6A0CA300022E50 /* Settings.swift in Sources */,
				5B37F96D2A6A0CA300022E50 /* Sensor.swift in Sources */,
				5B37F96E2A6A0CA300022E50 /* SensedEvent.swift in Sources */,
				5B37F9742A6A0CA300022E50 /* AppDelegate.swift in Sources */,
				5B37F9672A6A0CA300022E50 /* DebugSettingsView.swift in Sources */,
				5B37F9702A6A0CA300022E50 /* Router.swift in Sources */,
				5B37F96A2A6A0CA300022E50 /* NSNotificationNames.swift in Sources */,
				5B37F96C2A6A0CA300022E50 /* LogSensor.swift in Sources */,
				5B37F9722A6A0CA300022E50 /* LogAction.swift in Sources */,
				5B37F9662A6A0CA300022E50 /* SettingsView.swift in Sources */,
				5B37F9692A6A0CA300022E50 /* LoggerView.swift in Sources */,
				5B37F9652A6A0CA300022E50 /* ViewExtensions.swift in Sources */,
				5B37F9682A6A0CA300022E50 /* GeneralSettingsView.swift in Sources */,
			);
			runOnlyForDeploymentPostprocessing = 0;
		};
		5BD7733B2A6A1159002369F6 /* Sources */ = {
			isa = PBXSourcesBuildPhase;
			buildActionMask = 2147483647;
			files = (
				5BD773482A6A1178002369F6 /* PasteboardSensorTests.swift in Sources */,
			);
			runOnlyForDeploymentPostprocessing = 0;
		};
/* End PBXSourcesBuildPhase section */

/* Begin PBXTargetDependency section */
		5BD773442A6A1159002369F6 /* PBXTargetDependency */ = {
			isa = PBXTargetDependency;
			target = 5B7DB1312A6A0C1200AC6A2B /* Sensorium */;
			targetProxy = 5BD773432A6A1159002369F6 /* PBXContainerItemProxy */;
		};
/* End PBXTargetDependency section */

/* Begin XCBuildConfiguration section */
		5B7DB1412A6A0C1400AC6A2B /* Debug */ = {
			isa = XCBuildConfiguration;
			buildSettings = {
				ALWAYS_SEARCH_USER_PATHS = NO;
				ASSETCATALOG_COMPILER_GENERATE_SWIFT_ASSET_SYMBOL_EXTENSIONS = YES;
				CLANG_ANALYZER_NONNULL = YES;
				CLANG_ANALYZER_NUMBER_OBJECT_CONVERSION = YES_AGGRESSIVE;
				CLANG_CXX_LANGUAGE_STANDARD = "gnu++20";
				CLANG_ENABLE_MODULES = YES;
				CLANG_ENABLE_OBJC_ARC = YES;
				CLANG_ENABLE_OBJC_WEAK = YES;
				CLANG_WARN_BLOCK_CAPTURE_AUTORELEASING = YES;
				CLANG_WARN_BOOL_CONVERSION = YES;
				CLANG_WARN_COMMA = YES;
				CLANG_WARN_CONSTANT_CONVERSION = YES;
				CLANG_WARN_DEPRECATED_OBJC_IMPLEMENTATIONS = YES;
				CLANG_WARN_DIRECT_OBJC_ISA_USAGE = YES_ERROR;
				CLANG_WARN_DOCUMENTATION_COMMENTS = YES;
				CLANG_WARN_EMPTY_BODY = YES;
				CLANG_WARN_ENUM_CONVERSION = YES;
				CLANG_WARN_INFINITE_RECURSION = YES;
				CLANG_WARN_INT_CONVERSION = YES;
				CLANG_WARN_NON_LITERAL_NULL_CONVERSION = YES;
				CLANG_WARN_OBJC_IMPLICIT_RETAIN_SELF = YES;
				CLANG_WARN_OBJC_LITERAL_CONVERSION = YES;
				CLANG_WARN_OBJC_ROOT_CLASS = YES_ERROR;
				CLANG_WARN_QUOTED_INCLUDE_IN_FRAMEWORK_HEADER = YES;
				CLANG_WARN_RANGE_LOOP_ANALYSIS = YES;
				CLANG_WARN_STRICT_PROTOTYPES = YES;
				CLANG_WARN_SUSPICIOUS_MOVE = YES;
				CLANG_WARN_UNGUARDED_AVAILABILITY = YES_AGGRESSIVE;
				CLANG_WARN_UNREACHABLE_CODE = YES;
				CLANG_WARN__DUPLICATE_METHOD_MATCH = YES;
				COPY_PHASE_STRIP = NO;
				DEBUG_INFORMATION_FORMAT = dwarf;
				ENABLE_STRICT_OBJC_MSGSEND = YES;
				ENABLE_TESTABILITY = YES;
				ENABLE_USER_SCRIPT_SANDBOXING = YES;
				GCC_C_LANGUAGE_STANDARD = gnu17;
				GCC_DYNAMIC_NO_PIC = NO;
				GCC_NO_COMMON_BLOCKS = YES;
				GCC_OPTIMIZATION_LEVEL = 0;
				GCC_PREPROCESSOR_DEFINITIONS = (
					"DEBUG=1",
					"$(inherited)",
				);
				GCC_WARN_64_TO_32_BIT_CONVERSION = YES;
				GCC_WARN_ABOUT_RETURN_TYPE = YES_ERROR;
				GCC_WARN_UNDECLARED_SELECTOR = YES;
				GCC_WARN_UNINITIALIZED_AUTOS = YES_AGGRESSIVE;
				GCC_WARN_UNUSED_FUNCTION = YES;
				GCC_WARN_UNUSED_VARIABLE = YES;
				LOCALIZATION_PREFERS_STRING_CATALOGS = YES;
				MACOSX_DEPLOYMENT_TARGET = 13.3;
				MTL_ENABLE_DEBUG_INFO = INCLUDE_SOURCE;
				MTL_FAST_MATH = YES;
				ONLY_ACTIVE_ARCH = YES;
				SDKROOT = macosx;
				SWIFT_ACTIVE_COMPILATION_CONDITIONS = "DEBUG $(inherited)";
				SWIFT_OPTIMIZATION_LEVEL = "-Onone";
			};
			name = Debug;
		};
		5B7DB1422A6A0C1400AC6A2B /* Release */ = {
			isa = XCBuildConfiguration;
			buildSettings = {
				ALWAYS_SEARCH_USER_PATHS = NO;
				ASSETCATALOG_COMPILER_GENERATE_SWIFT_ASSET_SYMBOL_EXTENSIONS = YES;
				CLANG_ANALYZER_NONNULL = YES;
				CLANG_ANALYZER_NUMBER_OBJECT_CONVERSION = YES_AGGRESSIVE;
				CLANG_CXX_LANGUAGE_STANDARD = "gnu++20";
				CLANG_ENABLE_MODULES = YES;
				CLANG_ENABLE_OBJC_ARC = YES;
				CLANG_ENABLE_OBJC_WEAK = YES;
				CLANG_WARN_BLOCK_CAPTURE_AUTORELEASING = YES;
				CLANG_WARN_BOOL_CONVERSION = YES;
				CLANG_WARN_COMMA = YES;
				CLANG_WARN_CONSTANT_CONVERSION = YES;
				CLANG_WARN_DEPRECATED_OBJC_IMPLEMENTATIONS = YES;
				CLANG_WARN_DIRECT_OBJC_ISA_USAGE = YES_ERROR;
				CLANG_WARN_DOCUMENTATION_COMMENTS = YES;
				CLANG_WARN_EMPTY_BODY = YES;
				CLANG_WARN_ENUM_CONVERSION = YES;
				CLANG_WARN_INFINITE_RECURSION = YES;
				CLANG_WARN_INT_CONVERSION = YES;
				CLANG_WARN_NON_LITERAL_NULL_CONVERSION = YES;
				CLANG_WARN_OBJC_IMPLICIT_RETAIN_SELF = YES;
				CLANG_WARN_OBJC_LITERAL_CONVERSION = YES;
				CLANG_WARN_OBJC_ROOT_CLASS = YES_ERROR;
				CLANG_WARN_QUOTED_INCLUDE_IN_FRAMEWORK_HEADER = YES;
				CLANG_WARN_RANGE_LOOP_ANALYSIS = YES;
				CLANG_WARN_STRICT_PROTOTYPES = YES;
				CLANG_WARN_SUSPICIOUS_MOVE = YES;
				CLANG_WARN_UNGUARDED_AVAILABILITY = YES_AGGRESSIVE;
				CLANG_WARN_UNREACHABLE_CODE = YES;
				CLANG_WARN__DUPLICATE_METHOD_MATCH = YES;
				COPY_PHASE_STRIP = NO;
				DEBUG_INFORMATION_FORMAT = "dwarf-with-dsym";
				ENABLE_NS_ASSERTIONS = NO;
				ENABLE_STRICT_OBJC_MSGSEND = YES;
				ENABLE_USER_SCRIPT_SANDBOXING = YES;
				GCC_C_LANGUAGE_STANDARD = gnu17;
				GCC_NO_COMMON_BLOCKS = YES;
				GCC_WARN_64_TO_32_BIT_CONVERSION = YES;
				GCC_WARN_ABOUT_RETURN_TYPE = YES_ERROR;
				GCC_WARN_UNDECLARED_SELECTOR = YES;
				GCC_WARN_UNINITIALIZED_AUTOS = YES_AGGRESSIVE;
				GCC_WARN_UNUSED_FUNCTION = YES;
				GCC_WARN_UNUSED_VARIABLE = YES;
				LOCALIZATION_PREFERS_STRING_CATALOGS = YES;
				MACOSX_DEPLOYMENT_TARGET = 13.3;
				MTL_ENABLE_DEBUG_INFO = NO;
				MTL_FAST_MATH = YES;
				SDKROOT = macosx;
				SWIFT_COMPILATION_MODE = wholemodule;
			};
			name = Release;
		};
		5B7DB1442A6A0C1400AC6A2B /* Debug */ = {
			isa = XCBuildConfiguration;
			buildSettings = {
				ASSETCATALOG_COMPILER_APPICON_NAME = AppIcon;
				ASSETCATALOG_COMPILER_GLOBAL_ACCENT_COLOR_NAME = AccentColor;
				CODE_SIGN_ENTITLEMENTS = "$(SRCROOT)/Sources/Sensorium/Resources/Sensorium.entitlements";
				CODE_SIGN_STYLE = Automatic;
				COMBINE_HIDPI_IMAGES = YES;
				CURRENT_PROJECT_VERSION = 1;
				DEVELOPMENT_ASSET_PATHS = "$(SRCROOT)/Sources/Sensorium/Resources/PreviewContent";
				DEVELOPMENT_TEAM = F2J52QJQ9Y;
				ENABLE_HARDENED_RUNTIME = YES;
				ENABLE_PREVIEWS = YES;
				GENERATE_INFOPLIST_FILE = YES;
				INFOPLIST_KEY_NSHumanReadableCopyright = "";
				LD_RUNPATH_SEARCH_PATHS = (
					"$(inherited)",
					"@executable_path/../Frameworks",
				);
				MARKETING_VERSION = 1.0;
				PRODUCT_BUNDLE_IDENTIFIER = net.hisaac.Sensorium;
				PRODUCT_NAME = "$(TARGET_NAME)";
				SWIFT_EMIT_LOC_STRINGS = YES;
				SWIFT_VERSION = 5.0;
			};
			name = Debug;
		};
		5B7DB1452A6A0C1400AC6A2B /* Release */ = {
			isa = XCBuildConfiguration;
			buildSettings = {
				ASSETCATALOG_COMPILER_APPICON_NAME = AppIcon;
				ASSETCATALOG_COMPILER_GLOBAL_ACCENT_COLOR_NAME = AccentColor;
				CODE_SIGN_ENTITLEMENTS = "$(SRCROOT)/Sources/Sensorium/Resources/Sensorium.entitlements";
				CODE_SIGN_STYLE = Automatic;
				COMBINE_HIDPI_IMAGES = YES;
				CURRENT_PROJECT_VERSION = 1;
				DEVELOPMENT_ASSET_PATHS = "$(SRCROOT)/Sources/Sensorium/Resources/PreviewContent";
				DEVELOPMENT_TEAM = F2J52QJQ9Y;
				ENABLE_HARDENED_RUNTIME = YES;
				ENABLE_PREVIEWS = YES;
				GENERATE_INFOPLIST_FILE = YES;
				INFOPLIST_KEY_NSHumanReadableCopyright = "";
				LD_RUNPATH_SEARCH_PATHS = (
					"$(inherited)",
					"@executable_path/../Frameworks",
				);
				MARKETING_VERSION = 1.0;
				PRODUCT_BUNDLE_IDENTIFIER = net.hisaac.Sensorium;
				PRODUCT_NAME = "$(TARGET_NAME)";
				SWIFT_EMIT_LOC_STRINGS = YES;
				SWIFT_VERSION = 5.0;
			};
			name = Release;
		};
		5BD773462A6A1159002369F6 /* Debug */ = {
			isa = XCBuildConfiguration;
			buildSettings = {
				BUNDLE_LOADER = "$(TEST_HOST)";
				CODE_SIGN_STYLE = Automatic;
				CURRENT_PROJECT_VERSION = 1;
				DEVELOPMENT_TEAM = F2J52QJQ9Y;
				GENERATE_INFOPLIST_FILE = YES;
				MARKETING_VERSION = 1.0;
				PRODUCT_BUNDLE_IDENTIFIER = net.hisaac.SensoriumTests;
				PRODUCT_NAME = "$(TARGET_NAME)";
				SWIFT_EMIT_LOC_STRINGS = NO;
				SWIFT_VERSION = 5.0;
				TEST_HOST = "$(BUILT_PRODUCTS_DIR)/Sensorium.app/$(BUNDLE_EXECUTABLE_FOLDER_PATH)/Sensorium";
			};
			name = Debug;
		};
		5BD773472A6A1159002369F6 /* Release */ = {
			isa = XCBuildConfiguration;
			buildSettings = {
				BUNDLE_LOADER = "$(TEST_HOST)";
				CODE_SIGN_STYLE = Automatic;
				CURRENT_PROJECT_VERSION = 1;
				DEVELOPMENT_TEAM = F2J52QJQ9Y;
				GENERATE_INFOPLIST_FILE = YES;
				MARKETING_VERSION = 1.0;
				PRODUCT_BUNDLE_IDENTIFIER = net.hisaac.SensoriumTests;
				PRODUCT_NAME = "$(TARGET_NAME)";
				SWIFT_EMIT_LOC_STRINGS = NO;
				SWIFT_VERSION = 5.0;
				TEST_HOST = "$(BUILT_PRODUCTS_DIR)/Sensorium.app/$(BUNDLE_EXECUTABLE_FOLDER_PATH)/Sensorium";
			};
			name = Release;
		};
/* End XCBuildConfiguration section */

/* Begin XCConfigurationList section */
		5B7DB12D2A6A0C1200AC6A2B /* Build configuration list for PBXProject "Sensorium" */ = {
			isa = XCConfigurationList;
			buildConfigurations = (
				5B7DB1412A6A0C1400AC6A2B /* Debug */,
				5B7DB1422A6A0C1400AC6A2B /* Release */,
			);
			defaultConfigurationIsVisible = 0;
			defaultConfigurationName = Release;
		};
		5B7DB1432A6A0C1400AC6A2B /* Build configuration list for PBXNativeTarget "Sensorium" */ = {
			isa = XCConfigurationList;
			buildConfigurations = (
				5B7DB1442A6A0C1400AC6A2B /* Debug */,
				5B7DB1452A6A0C1400AC6A2B /* Release */,
			);
			defaultConfigurationIsVisible = 0;
			defaultConfigurationName = Release;
		};
		5BD773452A6A1159002369F6 /* Build configuration list for PBXNativeTarget "SensoriumTests" */ = {
			isa = XCConfigurationList;
			buildConfigurations = (
				5BD773462A6A1159002369F6 /* Debug */,
				5BD773472A6A1159002369F6 /* Release */,
			);
			defaultConfigurationIsVisible = 0;
			defaultConfigurationName = Release;
		};
/* End XCConfigurationList section */

/* Begin XCRemoteSwiftPackageReference section */
		5BAD30082A6A0D700027A65B /* XCRemoteSwiftPackageReference "Defaults" */ = {
			isa = XCRemoteSwiftPackageReference;
			repositoryURL = "https://github.com/sindresorhus/Defaults.git";
			requirement = {
				kind = exactVersion;
				version = 7.2.0;
			};
		};
		5BAD300B2A6A0D890027A65B /* XCRemoteSwiftPackageReference "KeyboardShortcuts" */ = {
			isa = XCRemoteSwiftPackageReference;
			repositoryURL = "https://github.com/sindresorhus/KeyboardShortcuts.git";
			requirement = {
				kind = exactVersion;
				version = 1.13.0;
			};
		};
		5BAD300E2A6A0DA80027A65B /* XCRemoteSwiftPackageReference "LaunchAtLogin-Modern" */ = {
			isa = XCRemoteSwiftPackageReference;
			repositoryURL = "https://github.com/sindresorhus/LaunchAtLogin-Modern.git";
			requirement = {
				kind = exactVersion;
				version = 1.0.0;
			};
		};
/* End XCRemoteSwiftPackageReference section */

/* Begin XCSwiftPackageProductDependency section */
		5BAD30092A6A0D700027A65B /* Defaults */ = {
			isa = XCSwiftPackageProductDependency;
			package = 5BAD30082A6A0D700027A65B /* XCRemoteSwiftPackageReference "Defaults" */;
			productName = Defaults;
		};
		5BAD300C2A6A0D890027A65B /* KeyboardShortcuts */ = {
			isa = XCSwiftPackageProductDependency;
			package = 5BAD300B2A6A0D890027A65B /* XCRemoteSwiftPackageReference "KeyboardShortcuts" */;
			productName = KeyboardShortcuts;
		};
		5BAD300F2A6A0DA80027A65B /* LaunchAtLogin */ = {
			isa = XCSwiftPackageProductDependency;
			package = 5BAD300E2A6A0DA80027A65B /* XCRemoteSwiftPackageReference "LaunchAtLogin-Modern" */;
			productName = LaunchAtLogin;
		};
/* End XCSwiftPackageProductDependency section */
	};
	rootObject = 5B7DB12A2A6A0C1200AC6A2B /* Project object */;
}
